
Microsoft Visual Studio Solution File, Format Version 12.00
# Visual Studio 15
VisualStudioVersion = 15.0.28307.1778
MinimumVisualStudioVersion = 10.0.40219.1
Project("{FAE04EC0-301F-11D3-BF4B-00C04F79EFBC}") = "HeronsFormula", "HeronsFormula\HeronsFormula.csproj", "{D0F35AEB-8C16-46CE-B3E3-3035D9AF391B}"
EndProject
Global
	GlobalSection(SolutionConfigurationPlatforms) = preSolution
		Debug|Any CPU = Debug|Any CPU
		Release|Any CPU = Release|Any CPU
	EndGlobalSection
	GlobalSection(ProjectConfigurationPlatforms) = postSolution
		{D0F35AEB-8C16-46CE-B3E3-3035D9AF391B}.Debug|Any CPU.ActiveCfg = Debug|Any CPU
		{D0F35AEB-8C16-46CE-B3E3-3035D9AF391B}.Debug|Any CPU.Build.0 = Debug|Any CPU
		{D0F35AEB-8C16-46CE-B3E3-3035D9AF391B}.Release|Any CPU.ActiveCfg = Release|Any CPU
		{D0F35AEB-8C16-46CE-B3E3-3035D9AF391B}.Release|Any CPU.Build.0 = Release|Any CPU
	EndGlobalSection
	GlobalSection(SolutionProperties) = preSolution
		HideSolutionNode = FALSE
	EndGlobalSection
	GlobalSection(ExtensibilityGlobals) = postSolution
		SolutionGuid = {EC6AE7A2-E861-49FA-92D6-A8B51861B02D}
	EndGlobalSection
EndGlobal
